
Microsoft Visual Studio Solution File, Format Version 12.00
# Visual Studio Version 17
VisualStudioVersion = 17.5.33530.505
MinimumVisualStudioVersion = 10.0.40219.1
Project("{FAE04EC0-301F-11D3-BF4B-00C04F79EFBC}") = "oopPractice", "oopPractice\oopPractice.csproj", "{69131F7A-120A-4B8D-8AE9-F0C7DD0953CB}"
EndProject
Global
	GlobalSection(SolutionConfigurationPlatforms) = preSolution
		Debug|Any CPU = Debug|Any CPU
		Release|Any CPU = Release|Any CPU
	EndGlobalSection
	GlobalSection(ProjectConfigurationPlatforms) = postSolution
		{69131F7A-120A-4B8D-8AE9-F0C7DD0953CB}.Debug|Any CPU.ActiveCfg = Debug|Any CPU
		{69131F7A-120A-4B8D-8AE9-F0C7DD0953CB}.Debug|Any CPU.Build.0 = Debug|Any CPU
		{69131F7A-120A-4B8D-8AE9-F0C7DD0953CB}.Release|Any CPU.ActiveCfg = Release|Any CPU
		{69131F7A-120A-4B8D-8AE9-F0C7DD0953CB}.Release|Any CPU.Build.0 = Release|Any CPU
	EndGlobalSection
	GlobalSection(SolutionProperties) = preSolution
		HideSolutionNode = FALSE
	EndGlobalSection
	GlobalSection(ExtensibilityGlobals) = postSolution
		SolutionGuid = {9578B197-4F4A-4CDB-9845-5975BB505F2F}
	EndGlobalSection
EndGlobal
